
Microsoft Visual Studio Solution File, Format Version 12.00
# Visual Studio Version 18
VisualStudioVersion = 18.3.11512.155 d18.3
MinimumVisualStudioVersion = 10.0.40219.1
Project("{9A19103F-16F7-4668-BE54-9A1E7A4F7556}") = "OpenLibraryNET", "src\OpenLibraryNET.csproj", "{E125C9FE-A980-4E1D-BBC5-DF251116A981}"
EndProject
Project("{FAE04EC0-301F-11D3-BF4B-00C04F79EFBC}") = "OpenLibraryNET.Tests", "tests\OpenLibraryNET.Tests.csproj", "{7AF76BCC-46BA-46BA-9842-9D7424A91395}"
EndProject
Global
	GlobalSection(SolutionConfigurationPlatforms) = preSolution
		Debug|Any CPU = Debug|Any CPU
		Release|Any CPU = Release|Any CPU
	EndGlobalSection
	GlobalSection(ProjectConfigurationPlatforms) = postSolution
		{E125C9FE-A980-4E1D-BBC5-DF251116A981}.Debug|Any CPU.ActiveCfg = Debug|Any CPU
		{E125C9FE-A980-4E1D-BBC5-DF251116A981}.Debug|Any CPU.Build.0 = Debug|Any CPU
		{E125C9FE-A980-4E1D-BBC5-DF251116A981}.Release|Any CPU.ActiveCfg = Release|Any CPU
		{E125C9FE-A980-4E1D-BBC5-DF251116A981}.Release|Any CPU.Build.0 = Release|Any CPU
		{7AF76BCC-46BA-46BA-9842-9D7424A91395}.Debug|Any CPU.ActiveCfg = Debug|Any CPU
		{7AF76BCC-46BA-46BA-9842-9D7424A91395}.Debug|Any CPU.Build.0 = Debug|Any CPU
		{7AF76BCC-46BA-46BA-9842-9D7424A91395}.Release|Any CPU.ActiveCfg = Release|Any CPU
		{7AF76BCC-46BA-46BA-9842-9D7424A91395}.Release|Any CPU.Build.0 = Release|Any CPU
	EndGlobalSection
	GlobalSection(SolutionProperties) = preSolution
		HideSolutionNode = FALSE
	EndGlobalSection
	GlobalSection(ExtensibilityGlobals) = postSolution
		SolutionGuid = {2B6C9947-6713-44C2-9146-EB096A882869}
	EndGlobalSection
EndGlobal
